
Microsoft Visual Studio Solution File, Format Version 12.00
# Visual Studio Version 17
VisualStudioVersion = 17.5.33627.172
MinimumVisualStudioVersion = 10.0.40219.1
Project("{2150E333-8FDC-42A3-9474-1A3956D46DE8}") = "Services", "Services", "{CC71760E-707F-4910-832B-0189395ECDD5}"
EndProject
Project("{2150E333-8FDC-42A3-9474-1A3956D46DE8}") = "Catalog", "Catalog", "{7CD67A59-F8D7-436B-A1E2-012EB4C74F4D}"
EndProject
Project("{9A19103F-16F7-4668-BE54-9A1E7A4F7556}") = "FreeCourse.Services.Catalog", "Services\Catalog\FreeCourse.Services.Catalog\FreeCourse.Services.Catalog.csproj", "{A537934E-8EAE-4572-9D0D-CEB7D88E6AB5}"
EndProject
Project("{2150E333-8FDC-42A3-9474-1A3956D46DE8}") = "Solution Items", "Solution Items", "{CBB44550-5F66-49AE-A2B2-FC9D6998A764}"
	ProjectSection(SolutionItems) = preProject
		Ports.txt = Ports.txt
	EndProjectSection
EndProject
Project("{2150E333-8FDC-42A3-9474-1A3956D46DE8}") = "Shared", "Shared", "{7AA1906F-8F83-432C-8EF7-03800DA7BA2F}"
EndProject
Project("{2150E333-8FDC-42A3-9474-1A3956D46DE8}") = "IdentityServer", "IdentityServer", "{35141A71-97E4-4B66-B7A9-74842BE86B7B}"
EndProject
Project("{9A19103F-16F7-4668-BE54-9A1E7A4F7556}") = "FreeCourse.IdentityServer", "IdentityServer\FreeCourse.IdentityServer\FreeCourse.IdentityServer.csproj", "{514784AC-344B-444A-81E3-2D855479E4A0}"
EndProject
Project("{2150E333-8FDC-42A3-9474-1A3956D46DE8}") = "PhotoStock", "PhotoStock", "{13B56D63-90E5-43C7-B711-622B3F85C7AC}"
EndProject
Project("{2150E333-8FDC-42A3-9474-1A3956D46DE8}") = "Discount", "Discount", "{E64596A8-2DBB-41B1-AE70-D8F2A52C44D9}"
EndProject
Project("{2150E333-8FDC-42A3-9474-1A3956D46DE8}") = "Basket", "Basket", "{DFEC3934-8E02-4D60-8093-DE9411830258}"
EndProject
Project("{2150E333-8FDC-42A3-9474-1A3956D46DE8}") = "Order", "Order", "{3B646AEB-AC29-47EB-B0C1-C2CF946CD091}"
EndProject
Project("{9A19103F-16F7-4668-BE54-9A1E7A4F7556}") = "FreeCourse.Services.Order.Application", "Services\Order\FreeCourse.Services.Order.Application\FreeCourse.Services.Order.Application.csproj", "{81C04742-DE2F-4B37-9822-ECE24D957312}"
EndProject
Project("{9A19103F-16F7-4668-BE54-9A1E7A4F7556}") = "FreeCourse.Services.Discount", "Services\Discount\FreeCourse.Services.Discount.csproj", "{FC72B229-0C10-418A-BEC6-B10C4C2354D6}"
EndProject
Project("{9A19103F-16F7-4668-BE54-9A1E7A4F7556}") = "FreeCourse.Services.Basket", "Services\Basket\FreeCourse.Services.Basket.csproj", "{37B2CA4E-193F-493D-A5F3-F6AA11BCDDE6}"
EndProject
Project("{9A19103F-16F7-4668-BE54-9A1E7A4F7556}") = "FreeCourse.Services.Order.API", "Services\Order\FreeCourse.Services.Order.API\FreeCourse.Services.Order.API.csproj", "{322B285E-0EA4-4369-8D17-D8FC67D3442E}"
EndProject
Project("{9A19103F-16F7-4668-BE54-9A1E7A4F7556}") = "FreeCourse.Services.PhotoStock", "Services\PhotoStock\FreeCourse.Services.PhotoStock\FreeCourse.Services.PhotoStock.csproj", "{4EFCF5FC-426C-4036-A17F-2FA3B7977092}"
EndProject
Project("{9A19103F-16F7-4668-BE54-9A1E7A4F7556}") = "FreeCourse.Shared", "FreeCourse.Shared\FreeCourse.Shared.csproj", "{0EABC933-7436-4F7C-8E2D-DA479E62A5C6}"
EndProject
Project("{9A19103F-16F7-4668-BE54-9A1E7A4F7556}") = "FreeCourse.Services.Order.Domain", "Services\Order\FreeCourse.Services.Order.Domain\FreeCourse.Services.Order.Domain.csproj", "{7F51EA03-3399-4446-B6F2-715A0E48F4BA}"
EndProject
Project("{9A19103F-16F7-4668-BE54-9A1E7A4F7556}") = "FreeCourse.Services.Order.Domain.Core", "Services\Order\FreeCourse.Services.Order.Domain.Core\FreeCourse.Services.Order.Domain.Core.csproj", "{56B4D34E-763B-4487-960F-B5587867ED07}"
EndProject
Project("{9A19103F-16F7-4668-BE54-9A1E7A4F7556}") = "FreeCourse.Services.Order.Infrastructure", "Services\Order\FreeCourse.Services.Order.Infrastructure\FreeCourse.Services.Order.Infrastructure.csproj", "{68D4EC5C-2D84-40BC-98B9-BC3722D4349D}"
EndProject
Project("{2150E333-8FDC-42A3-9474-1A3956D46DE8}") = "FakePayment", "FakePayment", "{19AF700E-581C-4CD7-B083-F4B3A903F244}"
EndProject
Project("{FAE04EC0-301F-11D3-BF4B-00C04F79EFBC}") = "FreeCourse.Services.FakePayment", "Services\FakePayment\FreeCourse.Services.FakePayment\FreeCourse.Services.FakePayment.csproj", "{01C9C3BC-3440-4A2A-996A-231FDE2BDC73}"
EndProject
Global
	GlobalSection(SolutionConfigurationPlatforms) = preSolution
		Debug|Any CPU = Debug|Any CPU
		Release|Any CPU = Release|Any CPU
	EndGlobalSection
	GlobalSection(ProjectConfigurationPlatforms) = postSolution
		{A537934E-8EAE-4572-9D0D-CEB7D88E6AB5}.Debug|Any CPU.ActiveCfg = Debug|Any CPU
		{A537934E-8EAE-4572-9D0D-CEB7D88E6AB5}.Debug|Any CPU.Build.0 = Debug|Any CPU
		{A537934E-8EAE-4572-9D0D-CEB7D88E6AB5}.Release|Any CPU.ActiveCfg = Release|Any CPU
		{A537934E-8EAE-4572-9D0D-CEB7D88E6AB5}.Release|Any CPU.Build.0 = Release|Any CPU
		{514784AC-344B-444A-81E3-2D855479E4A0}.Debug|Any CPU.ActiveCfg = Debug|Any CPU
		{514784AC-344B-444A-81E3-2D855479E4A0}.Debug|Any CPU.Build.0 = Debug|Any CPU
		{514784AC-344B-444A-81E3-2D855479E4A0}.Release|Any CPU.ActiveCfg = Release|Any CPU
		{514784AC-344B-444A-81E3-2D855479E4A0}.Release|Any CPU.Build.0 = Release|Any CPU
		{81C04742-DE2F-4B37-9822-ECE24D957312}.Debug|Any CPU.ActiveCfg = Debug|Any CPU
		{81C04742-DE2F-4B37-9822-ECE24D957312}.Debug|Any CPU.Build.0 = Debug|Any CPU
		{81C04742-DE2F-4B37-9822-ECE24D957312}.Release|Any CPU.ActiveCfg = Release|Any CPU
		{81C04742-DE2F-4B37-9822-ECE24D957312}.Release|Any CPU.Build.0 = Release|Any CPU
		{FC72B229-0C10-418A-BEC6-B10C4C2354D6}.Debug|Any CPU.ActiveCfg = Debug|Any CPU
		{FC72B229-0C10-418A-BEC6-B10C4C2354D6}.Debug|Any CPU.Build.0 = Debug|Any CPU
		{FC72B229-0C10-418A-BEC6-B10C4C2354D6}.Release|Any CPU.ActiveCfg = Release|Any CPU
		{FC72B229-0C10-418A-BEC6-B10C4C2354D6}.Release|Any CPU.Build.0 = Release|Any CPU
		{37B2CA4E-193F-493D-A5F3-F6AA11BCDDE6}.Debug|Any CPU.ActiveCfg = Debug|Any CPU
		{37B2CA4E-193F-493D-A5F3-F6AA11BCDDE6}.Debug|Any CPU.Build.0 = Debug|Any CPU
		{37B2CA4E-193F-493D-A5F3-F6AA11BCDDE6}.Release|Any CPU.ActiveCfg = Release|Any CPU
		{37B2CA4E-193F-493D-A5F3-F6AA11BCDDE6}.Release|Any CPU.Build.0 = Release|Any CPU
		{322B285E-0EA4-4369-8D17-D8FC67D3442E}.Debug|Any CPU.ActiveCfg = Debug|Any CPU
		{322B285E-0EA4-4369-8D17-D8FC67D3442E}.Debug|Any CPU.Build.0 = Debug|Any CPU
		{322B285E-0EA4-4369-8D17-D8FC67D3442E}.Release|Any CPU.ActiveCfg = Release|Any CPU
		{322B285E-0EA4-4369-8D17-D8FC67D3442E}.Release|Any CPU.Build.0 = Release|Any CPU
		{4EFCF5FC-426C-4036-A17F-2FA3B7977092}.Debug|Any CPU.ActiveCfg = Debug|Any CPU
		{4EFCF5FC-426C-4036-A17F-2FA3B7977092}.Debug|Any CPU.Build.0 = Debug|Any CPU
		{4EFCF5FC-426C-4036-A17F-2FA3B7977092}.Release|Any CPU.ActiveCfg = Release|Any CPU
		{4EFCF5FC-426C-4036-A17F-2FA3B7977092}.Release|Any CPU.Build.0 = Release|Any CPU
		{0EABC933-7436-4F7C-8E2D-DA479E62A5C6}.Debug|Any CPU.ActiveCfg = Debug|Any CPU
		{0EABC933-7436-4F7C-8E2D-DA479E62A5C6}.Debug|Any CPU.Build.0 = Debug|Any CPU
		{0EABC933-7436-4F7C-8E2D-DA479E62A5C6}.Release|Any CPU.ActiveCfg = Release|Any CPU
		{0EABC933-7436-4F7C-8E2D-DA479E62A5C6}.Release|Any CPU.Build.0 = Release|Any CPU
		{7F51EA03-3399-4446-B6F2-715A0E48F4BA}.Debug|Any CPU.ActiveCfg = Debug|Any CPU
		{7F51EA03-3399-4446-B6F2-715A0E48F4BA}.Debug|Any CPU.Build.0 = Debug|Any CPU
		{7F51EA03-3399-4446-B6F2-715A0E48F4BA}.Release|Any CPU.ActiveCfg = Release|Any CPU
		{7F51EA03-3399-4446-B6F2-715A0E48F4BA}.Release|Any CPU.Build.0 = Release|Any CPU
		{56B4D34E-763B-4487-960F-B5587867ED07}.Debug|Any CPU.ActiveCfg = Debug|Any CPU
		{56B4D34E-763B-4487-960F-B5587867ED07}.Debug|Any CPU.Build.0 = Debug|Any CPU
		{56B4D34E-763B-4487-960F-B5587867ED07}.Release|Any CPU.ActiveCfg = Release|Any CPU
		{56B4D34E-763B-4487-960F-B5587867ED07}.Release|Any CPU.Build.0 = Release|Any CPU
		{68D4EC5C-2D84-40BC-98B9-BC3722D4349D}.Debug|Any CPU.ActiveCfg = Debug|Any CPU
		{68D4EC5C-2D84-40BC-98B9-BC3722D4349D}.Debug|Any CPU.Build.0 = Debug|Any CPU
		{68D4EC5C-2D84-40BC-98B9-BC3722D4349D}.Release|Any CPU.ActiveCfg = Release|Any CPU
		{68D4EC5C-2D84-40BC-98B9-BC3722D4349D}.Release|Any CPU.Build.0 = Release|Any CPU
		{01C9C3BC-3440-4A2A-996A-231FDE2BDC73}.Debug|Any CPU.ActiveCfg = Debug|Any CPU
		{01C9C3BC-3440-4A2A-996A-231FDE2BDC73}.Debug|Any CPU.Build.0 = Debug|Any CPU
		{01C9C3BC-3440-4A2A-996A-231FDE2BDC73}.Release|Any CPU.ActiveCfg = Release|Any CPU
		{01C9C3BC-3440-4A2A-996A-231FDE2BDC73}.Release|Any CPU.Build.0 = Release|Any CPU
	EndGlobalSection
	GlobalSection(SolutionProperties) = preSolution
		HideSolutionNode = FALSE
	EndGlobalSection
	GlobalSection(NestedProjects) = preSolution
		{7CD67A59-F8D7-436B-A1E2-012EB4C74F4D} = {CC71760E-707F-4910-832B-0189395ECDD5}
		{A537934E-8EAE-4572-9D0D-CEB7D88E6AB5} = {7CD67A59-F8D7-436B-A1E2-012EB4C74F4D}
		{514784AC-344B-444A-81E3-2D855479E4A0} = {35141A71-97E4-4B66-B7A9-74842BE86B7B}
		{13B56D63-90E5-43C7-B711-622B3F85C7AC} = {CC71760E-707F-4910-832B-0189395ECDD5}
		{E64596A8-2DBB-41B1-AE70-D8F2A52C44D9} = {CC71760E-707F-4910-832B-0189395ECDD5}
		{DFEC3934-8E02-4D60-8093-DE9411830258} = {CC71760E-707F-4910-832B-0189395ECDD5}
		{3B646AEB-AC29-47EB-B0C1-C2CF946CD091} = {CC71760E-707F-4910-832B-0189395ECDD5}
		{81C04742-DE2F-4B37-9822-ECE24D957312} = {3B646AEB-AC29-47EB-B0C1-C2CF946CD091}
		{FC72B229-0C10-418A-BEC6-B10C4C2354D6} = {E64596A8-2DBB-41B1-AE70-D8F2A52C44D9}
		{37B2CA4E-193F-493D-A5F3-F6AA11BCDDE6} = {DFEC3934-8E02-4D60-8093-DE9411830258}
		{322B285E-0EA4-4369-8D17-D8FC67D3442E} = {3B646AEB-AC29-47EB-B0C1-C2CF946CD091}
		{4EFCF5FC-426C-4036-A17F-2FA3B7977092} = {13B56D63-90E5-43C7-B711-622B3F85C7AC}
		{0EABC933-7436-4F7C-8E2D-DA479E62A5C6} = {7AA1906F-8F83-432C-8EF7-03800DA7BA2F}
		{7F51EA03-3399-4446-B6F2-715A0E48F4BA} = {3B646AEB-AC29-47EB-B0C1-C2CF946CD091}
		{56B4D34E-763B-4487-960F-B5587867ED07} = {3B646AEB-AC29-47EB-B0C1-C2CF946CD091}
		{68D4EC5C-2D84-40BC-98B9-BC3722D4349D} = {3B646AEB-AC29-47EB-B0C1-C2CF946CD091}
		{19AF700E-581C-4CD7-B083-F4B3A903F244} = {CC71760E-707F-4910-832B-0189395ECDD5}
		{01C9C3BC-3440-4A2A-996A-231FDE2BDC73} = {19AF700E-581C-4CD7-B083-F4B3A903F244}
	EndGlobalSection
	GlobalSection(ExtensibilityGlobals) = postSolution
		SolutionGuid = {E10F9D23-829E-4408-96E8-FAC61F10DE8A}
	EndGlobalSection
EndGlobal
